// !$*UTF8*$!
{
	archiveVersion = 1;
	classes = {
	};
	objectVersion = 52;
	objects = {

/* Begin PBXBuildFile section */
		ED8078692695AE3A00D7EC7E /* TabBar_MenuApp.swift in Sources */ = {isa = PBXBuildFile; fileRef = ED8078682695AE3A00D7EC7E /* TabBar_MenuApp.swift */; };
		ED80786B2695AE3A00D7EC7E /* ContentView.swift in Sources */ = {isa = PBXBuildFile; fileRef = ED80786A2695AE3A00D7EC7E /* ContentView.swift */; };
		ED80786D2695AE3D00D7EC7E /* Assets.xcassets in Resources */ = {isa = PBXBuildFile; fileRef = ED80786C2695AE3D00D7EC7E /* Assets.xcassets */; };
		ED8078702695AE3D00D7EC7E /* Preview Assets.xcassets in Resources */ = {isa = PBXBuildFile; fileRef = ED80786F2695AE3D00D7EC7E /* Preview Assets.xcassets */; };
		ED8078792695AE5700D7EC7E /* TabBarView.swift in Sources */ = {isa = PBXBuildFile; fileRef = ED8078782695AE5700D7EC7E /* TabBarView.swift */; };
		ED80787C2695B07B00D7EC7E /* TabButton.swift in Sources */ = {isa = PBXBuildFile; fileRef = ED80787B2695B07B00D7EC7E /* TabButton.swift */; };
		ED8078802695B5FA00D7EC7E /* SwiftHEXColors in Frameworks */ = {isa = PBXBuildFile; productRef = ED80787F2695B5FA00D7EC7E /* SwiftHEXColors */; };
		ED8078832695B74300D7EC7E /* CustomCorners.swift in Sources */ = {isa = PBXBuildFile; fileRef = ED8078822695B74300D7EC7E /* CustomCorners.swift */; };
/* End PBXBuildFile section */

/* Begin PBXFileReference section */
		ED8078652695AE3A00D7EC7E /* TabBar Menu.app */ = {isa = PBXFileReference; explicitFileType = wrapper.application; includeInIndex = 0; path = "TabBar Menu.app"; sourceTree = BUILT_PRODUCTS_DIR; };
		ED8078682695AE3A00D7EC7E /* TabBar_MenuApp.swift */ = {isa = PBXFileReference; lastKnownFileType = sourcecode.swift; path = TabBar_MenuApp.swift; sourceTree = "<group>"; };
		ED80786A2695AE3A00D7EC7E /* ContentView.swift */ = {isa = PBXFileReference; lastKnownFileType = sourcecode.swift; path = ContentView.swift; sourceTree = "<group>"; };
		ED80786C2695AE3D00D7EC7E /* Assets.xcassets */ = {isa = PBXFileReference; lastKnownFileType = folder.assetcatalog; path = Assets.xcassets; sourceTree = "<group>"; };
		ED80786F2695AE3D00D7EC7E /* Preview Assets.xcassets */ = {isa = PBXFileReference; lastKnownFileType = folder.assetcatalog; path = "Preview Assets.xcassets"; sourceTree = "<group>"; };
		ED8078712695AE3D00D7EC7E /* Info.plist */ = {isa = PBXFileReference; lastKnownFileType = text.plist.xml; path = Info.plist; sourceTree = "<group>"; };
		ED8078782695AE5700D7EC7E /* TabBarView.swift */ = {isa = PBXFileReference; lastKnownFileType = sourcecode.swift; path = TabBarView.swift; sourceTree = "<group>"; };
		ED80787B2695B07B00D7EC7E /* TabButton.swift */ = {isa = PBXFileReference; lastKnownFileType = sourcecode.swift; path = TabButton.swift; sourceTree = "<group>"; };
		ED8078822695B74300D7EC7E /* CustomCorners.swift */ = {isa = PBXFileReference; lastKnownFileType = sourcecode.swift; path = CustomCorners.swift; sourceTree = "<group>"; };
/* End PBXFileReference section */

/* Begin PBXFrameworksBuildPhase section */
		ED8078622695AE3A00D7EC7E /* Frameworks */ = {
			isa = PBXFrameworksBuildPhase;
			buildActionMask = 2147483647;
			files = (
				ED8078802695B5FA00D7EC7E /* SwiftHEXColors in Frameworks */,
			);
			runOnlyForDeploymentPostprocessing = 0;
		};
/* End PBXFrameworksBuildPhase section */

/* Begin PBXGroup section */
		ED80785C2695AE3A00D7EC7E = {
			isa = PBXGroup;
			children = (
				ED8078672695AE3A00D7EC7E /* TabBar Menu */,
				ED8078662695AE3A00D7EC7E /* Products */,
			);
			sourceTree = "<group>";
		};
		ED8078662695AE3A00D7EC7E /* Products */ = {
			isa = PBXGroup;
			children = (
				ED8078652695AE3A00D7EC7E /* TabBar Menu.app */,
			);
			name = Products;
			sourceTree = "<group>";
		};
		ED8078672695AE3A00D7EC7E /* TabBar Menu */ = {
			isa = PBXGroup;
			children = (
				ED8078682695AE3A00D7EC7E /* TabBar_MenuApp.swift */,
				ED80786A2695AE3A00D7EC7E /* ContentView.swift */,
				ED8078782695AE5700D7EC7E /* TabBarView.swift */,
				ED80787B2695B07B00D7EC7E /* TabButton.swift */,
				ED8078822695B74300D7EC7E /* CustomCorners.swift */,
				ED80786C2695AE3D00D7EC7E /* Assets.xcassets */,
				ED8078712695AE3D00D7EC7E /* Info.plist */,
				ED80786E2695AE3D00D7EC7E /* Preview Content */,
			);
			path = "TabBar Menu";
			sourceTree = "<group>";
		};
		ED80786E2695AE3D00D7EC7E /* Preview Content */ = {
			isa = PBXGroup;
			children = (
				ED80786F2695AE3D00D7EC7E /* Preview Assets.xcassets */,
			);
			path = "Preview Content";
			sourceTree = "<group>";
		};
/* End PBXGroup section */

/* Begin PBXNativeTarget section */
		ED8078642695AE3A00D7EC7E /* TabBar Menu */ = {
			isa = PBXNativeTarget;
			buildConfigurationList = ED8078742695AE3D00D7EC7E /* Build configuration list for PBXNativeTarget "TabBar Menu" */;
			buildPhases = (
				ED8078612695AE3A00D7EC7E /* Sources */,
				ED8078622695AE3A00D7EC7E /* Frameworks */,
				ED8078632695AE3A00D7EC7E /* Resources */,
			);
			buildRules = (
			);
			dependencies = (
			);
			name = "TabBar Menu";
			packageProductDependencies = (
				ED80787F2695B5FA00D7EC7E /* SwiftHEXColors */,
			);
			productName = "TabBar Menu";
			productReference = ED8078652695AE3A00D7EC7E /* TabBar Menu.app */;
			productType = "com.apple.product-type.application";
		};
/* End PBXNativeTarget section */

/* Begin PBXProject section */
		ED80785D2695AE3A00D7EC7E /* Project object */ = {
			isa = PBXProject;
			attributes = {
				LastSwiftUpdateCheck = 1220;
				LastUpgradeCheck = 1220;
				TargetAttributes = {
					ED8078642695AE3A00D7EC7E = {
						CreatedOnToolsVersion = 12.2;
					};
				};
			};
			buildConfigurationList = ED8078602695AE3A00D7EC7E /* Build configuration list for PBXProject "TabBar Menu" */;
			compatibilityVersion = "Xcode 9.3";
			developmentRegion = en;
			hasScannedForEncodings = 0;
			knownRegions = (
				en,
				Base,
			);
			mainGroup = ED80785C2695AE3A00D7EC7E;
			packageReferences = (
				ED80787E2695B5FA00D7EC7E /* XCRemoteSwiftPackageReference "SwiftHEXColors" */,
			);
			productRefGroup = ED8078662695AE3A00D7EC7E /* Products */;
			projectDirPath = "";
			projectRoot = "";
			targets = (
				ED8078642695AE3A00D7EC7E /* TabBar Menu */,
			);
		};
/* End PBXProject section */

/* Begin PBXResourcesBuildPhase section */
		ED8078632695AE3A00D7EC7E /* Resources */ = {
			isa = PBXResourcesBuildPhase;
			buildActionMask = 2147483647;
			files = (
				ED8078702695AE3D00D7EC7E /* Preview Assets.xcassets in Resources */,
				ED80786D2695AE3D00D7EC7E /* Assets.xcassets in Resources */,
			);
			runOnlyForDeploymentPostprocessing = 0;
		};
/* End PBXResourcesBuildPhase section */

/* Begin PBXSourcesBuildPhase section */
		ED8078612695AE3A00D7EC7E /* Sources */ = {
			isa = PBXSourcesBuildPhase;
			buildActionMask = 2147483647;
			files = (
				ED80786B2695AE3A00D7EC7E /* ContentView.swift in Sources */,
				ED80787C2695B07B00D7EC7E /* TabButton.swift in Sources */,
				ED8078792695AE5700D7EC7E /* TabBarView.swift in Sources */,
				ED8078692695AE3A00D7EC7E /* TabBar_MenuApp.swift in Sources */,
				ED8078832695B74300D7EC7E /* CustomCorners.swift in Sources */,
			);
			runOnlyForDeploymentPostprocessing = 0;
		};
/* End PBXSourcesBuildPhase section */

/* Begin XCBuildConfiguration section */
		ED8078722695AE3D00D7EC7E /* Debug */ = {
			isa = XCBuildConfiguration;
			buildSettings = {
				ALWAYS_SEARCH_USER_PATHS = NO;
				CLANG_ANALYZER_NONNULL = YES;
				CLANG_ANALYZER_NUMBER_OBJECT_CONVERSION = YES_AGGRESSIVE;
				CLANG_CXX_LANGUAGE_STANDARD = "gnu++14";
				CLANG_CXX_LIBRARY = "libc++";
				CLANG_ENABLE_MODULES = YES;
				CLANG_ENABLE_OBJC_ARC = YES;
				CLANG_ENABLE_OBJC_WEAK = YES;
				CLANG_WARN_BLOCK_CAPTURE_AUTORELEASING = YES;
				CLANG_WARN_BOOL_CONVERSION = YES;
				CLANG_WARN_COMMA = YES;
				CLANG_WARN_CONSTANT_CONVERSION = YES;
				CLANG_WARN_DEPRECATED_OBJC_IMPLEMENTATIONS = YES;
				CLANG_WARN_DIRECT_OBJC_ISA_USAGE = YES_ERROR;
				CLANG_WARN_DOCUMENTATION_COMMENTS = YES;
				CLANG_WARN_EMPTY_BODY = YES;
				CLANG_WARN_ENUM_CONVERSION = YES;
				CLANG_WARN_INFINITE_RECURSION = YES;
				CLANG_WARN_INT_CONVERSION = YES;
				CLANG_WARN_NON_LITERAL_NULL_CONVERSION = YES;
				CLANG_WARN_OBJC_IMPLICIT_RETAIN_SELF = YES;
				CLANG_WARN_OBJC_LITERAL_CONVERSION = YES;
				CLANG_WARN_OBJC_ROOT_CLASS = YES_ERROR;
				CLANG_WARN_QUOTED_INCLUDE_IN_FRAMEWORK_HEADER = YES;
				CLANG_WARN_RANGE_LOOP_ANALYSIS = YES;
				CLANG_WARN_STRICT_PROTOTYPES = YES;
				CLANG_WARN_SUSPICIOUS_MOVE = YES;
				CLANG_WARN_UNGUARDED_AVAILABILITY = YES_AGGRESSIVE;
				CLANG_WARN_UNREACHABLE_CODE = YES;
				CLANG_WARN__DUPLICATE_METHOD_MATCH = YES;
				COPY_PHASE_STRIP = NO;
				DEBUG_INFORMATION_FORMAT = dwarf;
				ENABLE_STRICT_OBJC_MSGSEND = YES;
				ENABLE_TESTABILITY = YES;
				GCC_C_LANGUAGE_STANDARD = gnu11;
				GCC_DYNAMIC_NO_PIC = NO;
				GCC_NO_COMMON_BLOCKS = YES;
				GCC_OPTIMIZATION_LEVEL = 0;
				GCC_PREPROCESSOR_DEFINITIONS = (
					"DEBUG=1",
					"$(inherited)",
				);
				GCC_WARN_64_TO_32_BIT_CONVERSION = YES;
				GCC_WARN_ABOUT_RETURN_TYPE = YES_ERROR;
				GCC_WARN_UNDECLARED_SELECTOR = YES;
				GCC_WARN_UNINITIALIZED_AUTOS = YES_AGGRESSIVE;
				GCC_WARN_UNUSED_FUNCTION = YES;
				GCC_WARN_UNUSED_VARIABLE = YES;
				IPHONEOS_DEPLOYMENT_TARGET = 14.2;
				MTL_ENABLE_DEBUG_INFO = INCLUDE_SOURCE;
				MTL_FAST_MATH = YES;
				ONLY_ACTIVE_ARCH = YES;
				SDKROOT = iphoneos;
				SWIFT_ACTIVE_COMPILATION_CONDITIONS = DEBUG;
				SWIFT_OPTIMIZATION_LEVEL = "-Onone";
			};
			name = Debug;
		};
		ED8078732695AE3D00D7EC7E /* Release */ = {
			isa = XCBuildConfiguration;
			buildSettings = {
				ALWAYS_SEARCH_USER_PATHS = NO;
				CLANG_ANALYZER_NONNULL = YES;
				CLANG_ANALYZER_NUMBER_OBJECT_CONVERSION = YES_AGGRESSIVE;
				CLANG_CXX_LANGUAGE_STANDARD = "gnu++14";
				CLANG_CXX_LIBRARY = "libc++";
				CLANG_ENABLE_MODULES = YES;
				CLANG_ENABLE_OBJC_ARC = YES;
				CLANG_ENABLE_OBJC_WEAK = YES;
				CLANG_WARN_BLOCK_CAPTURE_AUTORELEASING = YES;
				CLANG_WARN_BOOL_CONVERSION = YES;
				CLANG_WARN_COMMA = YES;
				CLANG_WARN_CONSTANT_CONVERSION = YES;
				CLANG_WARN_DEPRECATED_OBJC_IMPLEMENTATIONS = YES;
				CLANG_WARN_DIRECT_OBJC_ISA_USAGE = YES_ERROR;
				CLANG_WARN_DOCUMENTATION_COMMENTS = YES;
				CLANG_WARN_EMPTY_BODY = YES;
				CLANG_WARN_ENUM_CONVERSION = YES;
				CLANG_WARN_INFINITE_RECURSION = YES;
				CLANG_WARN_INT_CONVERSION = YES;
				CLANG_WARN_NON_LITERAL_NULL_CONVERSION = YES;
				CLANG_WARN_OBJC_IMPLICIT_RETAIN_SELF = YES;
				CLANG_WARN_OBJC_LITERAL_CONVERSION = YES;
				CLANG_WARN_OBJC_ROOT_CLASS = YES_ERROR;
				CLANG_WARN_QUOTED_INCLUDE_IN_FRAMEWORK_HEADER = YES;
				CLANG_WARN_RANGE_LOOP_ANALYSIS = YES;
				CLANG_WARN_STRICT_PROTOTYPES = YES;
				CLANG_WARN_SUSPICIOUS_MOVE = YES;
				CLANG_WARN_UNGUARDED_AVAILABILITY = YES_AGGRESSIVE;
				CLANG_WARN_UNREACHABLE_CODE = YES;
				CLANG_WARN__DUPLICATE_METHOD_MATCH = YES;
				COPY_PHASE_STRIP = NO;
				DEBUG_INFORMATION_FORMAT = "dwarf-with-dsym";
				ENABLE_NS_ASSERTIONS = NO;
				ENABLE_STRICT_OBJC_MSGSEND = YES;
				GCC_C_LANGUAGE_STANDARD = gnu11;
				GCC_NO_COMMON_BLOCKS = YES;
				GCC_WARN_64_TO_32_BIT_CONVERSION = YES;
				GCC_WARN_ABOUT_RETURN_TYPE = YES_ERROR;
				GCC_WARN_UNDECLARED_SELECTOR = YES;
				GCC_WARN_UNINITIALIZED_AUTOS = YES_AGGRESSIVE;
				GCC_WARN_UNUSED_FUNCTION = YES;
				GCC_WARN_UNUSED_VARIABLE = YES;
				IPHONEOS_DEPLOYMENT_TARGET = 14.2;
				MTL_ENABLE_DEBUG_INFO = NO;
				MTL_FAST_MATH = YES;
				SDKROOT = iphoneos;
				SWIFT_COMPILATION_MODE = wholemodule;
				SWIFT_OPTIMIZATION_LEVEL = "-O";
				VALIDATE_PRODUCT = YES;
			};
			name = Release;
		};
		ED8078752695AE3D00D7EC7E /* Debug */ = {
			isa = XCBuildConfiguration;
			buildSettings = {
				ASSETCATALOG_COMPILER_APPICON_NAME = AppIcon;
				ASSETCATALOG_COMPILER_GLOBAL_ACCENT_COLOR_NAME = AccentColor;
				CODE_SIGN_STYLE = Automatic;
				DEVELOPMENT_ASSET_PATHS = "\"TabBar Menu/Preview Content\"";
				DEVELOPMENT_TEAM = PGQ27XQ5YU;
				ENABLE_PREVIEWS = YES;
				INFOPLIST_FILE = "TabBar Menu/Info.plist";
				IPHONEOS_DEPLOYMENT_TARGET = 14.0;
				LD_RUNPATH_SEARCH_PATHS = (
					"$(inherited)",
					"@executable_path/Frameworks",
				);
				PRODUCT_BUNDLE_IDENTIFIER = "go.westcostyle.TabBar-Menu";
				PRODUCT_NAME = "$(TARGET_NAME)";
				SWIFT_VERSION = 5.0;
				TARGETED_DEVICE_FAMILY = "1,2";
			};
			name = Debug;
		};
		ED8078762695AE3D00D7EC7E /* Release */ = {
			isa = XCBuildConfiguration;
			buildSettings = {
				ASSETCATALOG_COMPILER_APPICON_NAME = AppIcon;
				ASSETCATALOG_COMPILER_GLOBAL_ACCENT_COLOR_NAME = AccentColor;
				CODE_SIGN_STYLE = Automatic;
				DEVELOPMENT_ASSET_PATHS = "\"TabBar Menu/Preview Content\"";
				DEVELOPMENT_TEAM = PGQ27XQ5YU;
				ENABLE_PREVIEWS = YES;
				INFOPLIST_FILE = "TabBar Menu/Info.plist";
				IPHONEOS_DEPLOYMENT_TARGET = 14.0;
				LD_RUNPATH_SEARCH_PATHS = (
					"$(inherited)",
					"@executable_path/Frameworks",
				);
				PRODUCT_BUNDLE_IDENTIFIER = "go.westcostyle.TabBar-Menu";
				PRODUCT_NAME = "$(TARGET_NAME)";
				SWIFT_VERSION = 5.0;
				TARGETED_DEVICE_FAMILY = "1,2";
			};
			name = Release;
		};
/* End XCBuildConfiguration section */

/* Begin XCConfigurationList section */
		ED8078602695AE3A00D7EC7E /* Build configuration list for PBXProject "TabBar Menu" */ = {
			isa = XCConfigurationList;
			buildConfigurations = (
				ED8078722695AE3D00D7EC7E /* Debug */,
				ED8078732695AE3D00D7EC7E /* Release */,
			);
			defaultConfigurationIsVisible = 0;
			defaultConfigurationName = Release;
		};
		ED8078742695AE3D00D7EC7E /* Build configuration list for PBXNativeTarget "TabBar Menu" */ = {
			isa = XCConfigurationList;
			buildConfigurations = (
				ED8078752695AE3D00D7EC7E /* Debug */,
				ED8078762695AE3D00D7EC7E /* Release */,
			);
			defaultConfigurationIsVisible = 0;
			defaultConfigurationName = Release;
		};
/* End XCConfigurationList section */

/* Begin XCRemoteSwiftPackageReference section */
		ED80787E2695B5FA00D7EC7E /* XCRemoteSwiftPackageReference "SwiftHEXColors" */ = {
			isa = XCRemoteSwiftPackageReference;
			repositoryURL = "https://github.com/thii/SwiftHEXColors.git";
			requirement = {
				kind = upToNextMajorVersion;
				minimumVersion = 1.4.1;
			};
		};
/* End XCRemoteSwiftPackageReference section */

/* Begin XCSwiftPackageProductDependency section */
		ED80787F2695B5FA00D7EC7E /* SwiftHEXColors */ = {
			isa = XCSwiftPackageProductDependency;
			package = ED80787E2695B5FA00D7EC7E /* XCRemoteSwiftPackageReference "SwiftHEXColors" */;
			productName = SwiftHEXColors;
		};
/* End XCSwiftPackageProductDependency section */
	};
	rootObject = ED80785D2695AE3A00D7EC7E /* Project object */;
}
